
Microsoft Visual Studio Solution File, Format Version 12.00
# Visual Studio Version 17
VisualStudioVersion = 17.7.34202.233
MinimumVisualStudioVersion = 10.0.40219.1
Project("{FAE04EC0-301F-11D3-BF4B-00C04F79EFBC}") = "ChainMapTests", "ChainMapTests\ChainMapTests.csproj", "{ADC0CB75-5133-4814-A5D8-074DE1E292DC}"
EndProject
Project("{FAE04EC0-301F-11D3-BF4B-00C04F79EFBC}") = "ChainMapApp", "ChainMapApp\ChainMapApp.csproj", "{C525FAF8-9B13-4AA7-AF1A-03BB816D070B}"
EndProject
Project("{FAE04EC0-301F-11D3-BF4B-00C04F79EFBC}") = "ChainMapLib", "ChainMapLib2\ChainMapLib.csproj", "{C3E4FEE0-038E-4F8C-BD46-E03D5D5C0A86}"
EndProject
Global
	GlobalSection(SolutionConfigurationPlatforms) = preSolution
		Debug|Any CPU = Debug|Any CPU
		Release|Any CPU = Release|Any CPU
	EndGlobalSection
	GlobalSection(ProjectConfigurationPlatforms) = postSolution
		{ADC0CB75-5133-4814-A5D8-074DE1E292DC}.Debug|Any CPU.ActiveCfg = Debug|Any CPU
		{ADC0CB75-5133-4814-A5D8-074DE1E292DC}.Debug|Any CPU.Build.0 = Debug|Any CPU
		{ADC0CB75-5133-4814-A5D8-074DE1E292DC}.Release|Any CPU.ActiveCfg = Release|Any CPU
		{ADC0CB75-5133-4814-A5D8-074DE1E292DC}.Release|Any CPU.Build.0 = Release|Any CPU
		{C525FAF8-9B13-4AA7-AF1A-03BB816D070B}.Debug|Any CPU.ActiveCfg = Debug|Any CPU
		{C525FAF8-9B13-4AA7-AF1A-03BB816D070B}.Debug|Any CPU.Build.0 = Debug|Any CPU
		{C525FAF8-9B13-4AA7-AF1A-03BB816D070B}.Release|Any CPU.ActiveCfg = Release|Any CPU
		{C525FAF8-9B13-4AA7-AF1A-03BB816D070B}.Release|Any CPU.Build.0 = Release|Any CPU
		{C3E4FEE0-038E-4F8C-BD46-E03D5D5C0A86}.Debug|Any CPU.ActiveCfg = Debug|Any CPU
		{C3E4FEE0-038E-4F8C-BD46-E03D5D5C0A86}.Debug|Any CPU.Build.0 = Debug|Any CPU
		{C3E4FEE0-038E-4F8C-BD46-E03D5D5C0A86}.Release|Any CPU.ActiveCfg = Release|Any CPU
		{C3E4FEE0-038E-4F8C-BD46-E03D5D5C0A86}.Release|Any CPU.Build.0 = Release|Any CPU
	EndGlobalSection
	GlobalSection(SolutionProperties) = preSolution
		HideSolutionNode = FALSE
	EndGlobalSection
	GlobalSection(ExtensibilityGlobals) = postSolution
		SolutionGuid = {BA646A90-1400-4C37-82F8-2027949EDAEC}
	EndGlobalSection
EndGlobal
